// !$*UTF8*$!
{
	archiveVersion = 1;
	classes = {
	};
	objectVersion = 56;
	objects = {

/* Begin PBXBuildFile section */
		903CF41B2B08EAFE00B1A54E /* DependenciesContainer.swift in Sources */ = {isa = PBXBuildFile; fileRef = 903CF41A2B08EAFE00B1A54E /* DependenciesContainer.swift */; };
		9077DA262B0903FF0077FDB8 /* DeezerSdk in Frameworks */ = {isa = PBXBuildFile; productRef = 9077DA252B0903FF0077FDB8 /* DeezerSdk */; };
		9077DA2A2B090BB60077FDB8 /* PlaylistsScreen.swift in Sources */ = {isa = PBXBuildFile; fileRef = 9077DA292B090BB60077FDB8 /* PlaylistsScreen.swift */; };
		9077DA2E2B090BD30077FDB8 /* PlaylistViewModel.swift in Sources */ = {isa = PBXBuildFile; fileRef = 9077DA2D2B090BD30077FDB8 /* PlaylistViewModel.swift */; };
		9077DA312B090CEC0077FDB8 /* PlaylistRepository.swift in Sources */ = {isa = PBXBuildFile; fileRef = 9077DA302B090CEC0077FDB8 /* PlaylistRepository.swift */; };
		9077DA332B090D340077FDB8 /* Playlist.swift in Sources */ = {isa = PBXBuildFile; fileRef = 9077DA322B090D340077FDB8 /* Playlist.swift */; };
		908BE1022B3B3B3900F172BF /* Int.swift in Sources */ = {isa = PBXBuildFile; fileRef = 908BE1012B3B3B3900F172BF /* Int.swift */; };
		908BE1052B3B3C7700F172BF /* String.swift in Sources */ = {isa = PBXBuildFile; fileRef = 908BE1042B3B3C7700F172BF /* String.swift */; };
		908BE10A2B3B47DA00F172BF /* Int.swift in Sources */ = {isa = PBXBuildFile; fileRef = 908BE1092B3B47DA00F172BF /* Int.swift */; };
		908BE10D2B3B484B00F172BF /* String.swift in Sources */ = {isa = PBXBuildFile; fileRef = 908BE10C2B3B484B00F172BF /* String.swift */; };
		908BE10F2B3B48EB00F172BF /* FakePlaylistRepository.swift in Sources */ = {isa = PBXBuildFile; fileRef = 908BE10E2B3B48EB00F172BF /* FakePlaylistRepository.swift */; };
		908BE1132B3B494F00F172BF /* FakePlaylist.swift in Sources */ = {isa = PBXBuildFile; fileRef = 908BE1122B3B494F00F172BF /* FakePlaylist.swift */; };
		908BE1172B3B4B4B00F172BF /* PlaylistViewModelTests.swift in Sources */ = {isa = PBXBuildFile; fileRef = 908BE1162B3B4B4B00F172BF /* PlaylistViewModelTests.swift */; };
		908BE11A2B3B4FF100F172BF /* PublisherExpectation.swift in Sources */ = {isa = PBXBuildFile; fileRef = 908BE1192B3B4FF100F172BF /* PublisherExpectation.swift */; };
		90ACFB062B0847E700D13B1F /* DeezerPlaylistsApp.swift in Sources */ = {isa = PBXBuildFile; fileRef = 90ACFB052B0847E700D13B1F /* DeezerPlaylistsApp.swift */; };
		90ACFB0A2B0847E800D13B1F /* Assets.xcassets in Resources */ = {isa = PBXBuildFile; fileRef = 90ACFB092B0847E800D13B1F /* Assets.xcassets */; };
		90ACFB0E2B0847E800D13B1F /* Preview Assets.xcassets in Resources */ = {isa = PBXBuildFile; fileRef = 90ACFB0D2B0847E800D13B1F /* Preview Assets.xcassets */; };
		90E3B2BE2B084ED3002CACF2 /* RswiftLibrary in Frameworks */ = {isa = PBXBuildFile; productRef = 90E3B2BD2B084ED3002CACF2 /* RswiftLibrary */; };
		90E3B2C42B085031002CACF2 /* GRDB in Frameworks */ = {isa = PBXBuildFile; productRef = 90E3B2C32B085031002CACF2 /* GRDB */; };
		90E404DD2B093DE700D8A139 /* AppDatabase.swift in Sources */ = {isa = PBXBuildFile; fileRef = 90E404DC2B093DE700D8A139 /* AppDatabase.swift */; };
		90E404DF2B093F6D00D8A139 /* PlaylistDb.swift in Sources */ = {isa = PBXBuildFile; fileRef = 90E404DE2B093F6D00D8A139 /* PlaylistDb.swift */; };
/* End PBXBuildFile section */

/* Begin PBXContainerItemProxy section */
		90ACFB142B0847E800D13B1F /* PBXContainerItemProxy */ = {
			isa = PBXContainerItemProxy;
			containerPortal = 90ACFAFA2B0847E700D13B1F /* Project object */;
			proxyType = 1;
			remoteGlobalIDString = 90ACFB012B0847E700D13B1F;
			remoteInfo = DeezerPlaylists;
		};
/* End PBXContainerItemProxy section */

/* Begin PBXFileReference section */
		903CF41A2B08EAFE00B1A54E /* DependenciesContainer.swift */ = {isa = PBXFileReference; lastKnownFileType = sourcecode.swift; path = DependenciesContainer.swift; sourceTree = "<group>"; };
		903CF4212B08F65B00B1A54E /* DeezerSdk */ = {isa = PBXFileReference; lastKnownFileType = wrapper; path = DeezerSdk; sourceTree = "<group>"; };
		9077DA292B090BB60077FDB8 /* PlaylistsScreen.swift */ = {isa = PBXFileReference; lastKnownFileType = sourcecode.swift; path = PlaylistsScreen.swift; sourceTree = "<group>"; };
		9077DA2D2B090BD30077FDB8 /* PlaylistViewModel.swift */ = {isa = PBXFileReference; lastKnownFileType = sourcecode.swift; path = PlaylistViewModel.swift; sourceTree = "<group>"; };
		9077DA302B090CEC0077FDB8 /* PlaylistRepository.swift */ = {isa = PBXFileReference; lastKnownFileType = sourcecode.swift; path = PlaylistRepository.swift; sourceTree = "<group>"; };
		9077DA322B090D340077FDB8 /* Playlist.swift */ = {isa = PBXFileReference; lastKnownFileType = sourcecode.swift; path = Playlist.swift; sourceTree = "<group>"; };
		908BE1012B3B3B3900F172BF /* Int.swift */ = {isa = PBXFileReference; lastKnownFileType = sourcecode.swift; path = Int.swift; sourceTree = "<group>"; };
		908BE1042B3B3C7700F172BF /* String.swift */ = {isa = PBXFileReference; lastKnownFileType = sourcecode.swift; path = String.swift; sourceTree = "<group>"; };
		908BE1092B3B47DA00F172BF /* Int.swift */ = {isa = PBXFileReference; lastKnownFileType = sourcecode.swift; path = Int.swift; sourceTree = "<group>"; };
		908BE10C2B3B484B00F172BF /* String.swift */ = {isa = PBXFileReference; lastKnownFileType = sourcecode.swift; path = String.swift; sourceTree = "<group>"; };
		908BE10E2B3B48EB00F172BF /* FakePlaylistRepository.swift */ = {isa = PBXFileReference; lastKnownFileType = sourcecode.swift; path = FakePlaylistRepository.swift; sourceTree = "<group>"; };
		908BE1122B3B494F00F172BF /* FakePlaylist.swift */ = {isa = PBXFileReference; lastKnownFileType = sourcecode.swift; path = FakePlaylist.swift; sourceTree = "<group>"; };
		908BE1162B3B4B4B00F172BF /* PlaylistViewModelTests.swift */ = {isa = PBXFileReference; lastKnownFileType = sourcecode.swift; path = PlaylistViewModelTests.swift; sourceTree = "<group>"; };
		908BE1192B3B4FF100F172BF /* PublisherExpectation.swift */ = {isa = PBXFileReference; lastKnownFileType = sourcecode.swift; path = PublisherExpectation.swift; sourceTree = "<group>"; };
		90ACFB022B0847E700D13B1F /* DeezerPlaylists.app */ = {isa = PBXFileReference; explicitFileType = wrapper.application; includeInIndex = 0; path = DeezerPlaylists.app; sourceTree = BUILT_PRODUCTS_DIR; };
		90ACFB052B0847E700D13B1F /* DeezerPlaylistsApp.swift */ = {isa = PBXFileReference; lastKnownFileType = sourcecode.swift; path = DeezerPlaylistsApp.swift; sourceTree = "<group>"; };
		90ACFB092B0847E800D13B1F /* Assets.xcassets */ = {isa = PBXFileReference; lastKnownFileType = folder.assetcatalog; path = Assets.xcassets; sourceTree = "<group>"; };
		90ACFB0B2B0847E800D13B1F /* DeezerPlaylists.entitlements */ = {isa = PBXFileReference; lastKnownFileType = text.plist.entitlements; path = DeezerPlaylists.entitlements; sourceTree = "<group>"; };
		90ACFB0D2B0847E800D13B1F /* Preview Assets.xcassets */ = {isa = PBXFileReference; lastKnownFileType = folder.assetcatalog; path = "Preview Assets.xcassets"; sourceTree = "<group>"; };
		90ACFB132B0847E800D13B1F /* DeezerPlaylistsTests.xctest */ = {isa = PBXFileReference; explicitFileType = wrapper.cfbundle; includeInIndex = 0; path = DeezerPlaylistsTests.xctest; sourceTree = BUILT_PRODUCTS_DIR; };
		90E404DC2B093DE700D8A139 /* AppDatabase.swift */ = {isa = PBXFileReference; lastKnownFileType = sourcecode.swift; path = AppDatabase.swift; sourceTree = "<group>"; };
		90E404DE2B093F6D00D8A139 /* PlaylistDb.swift */ = {isa = PBXFileReference; lastKnownFileType = sourcecode.swift; path = PlaylistDb.swift; sourceTree = "<group>"; };
/* End PBXFileReference section */

/* Begin PBXFrameworksBuildPhase section */
		90ACFAFF2B0847E700D13B1F /* Frameworks */ = {
			isa = PBXFrameworksBuildPhase;
			buildActionMask = 2147483647;
			files = (
				90E3B2BE2B084ED3002CACF2 /* RswiftLibrary in Frameworks */,
				90E3B2C42B085031002CACF2 /* GRDB in Frameworks */,
				9077DA262B0903FF0077FDB8 /* DeezerSdk in Frameworks */,
			);
			runOnlyForDeploymentPostprocessing = 0;
		};
		90ACFB102B0847E800D13B1F /* Frameworks */ = {
			isa = PBXFrameworksBuildPhase;
			buildActionMask = 2147483647;
			files = (
			);
			runOnlyForDeploymentPostprocessing = 0;
		};
/* End PBXFrameworksBuildPhase section */

/* Begin PBXGroup section */
		903CF4182B08EAE400B1A54E /* Common */ = {
			isa = PBXGroup;
			children = (
				908BE1002B3B3B2F00F172BF /* Extensions */,
				90E404DA2B093D8D00D8A139 /* Database */,
				903CF4192B08EAF000B1A54E /* DI */,
			);
			path = Common;
			sourceTree = "<group>";
		};
		903CF4192B08EAF000B1A54E /* DI */ = {
			isa = PBXGroup;
			children = (
				903CF41A2B08EAFE00B1A54E /* DependenciesContainer.swift */,
			);
			path = DI;
			sourceTree = "<group>";
		};
		9077DA242B0903FF0077FDB8 /* Frameworks */ = {
			isa = PBXGroup;
			children = (
			);
			name = Frameworks;
			sourceTree = "<group>";
		};
		9077DA282B090BA00077FDB8 /* Playlist */ = {
			isa = PBXGroup;
			children = (
				9077DA2F2B090CDE0077FDB8 /* Data */,
				9077DA2C2B090BBD0077FDB8 /* UI */,
			);
			path = Playlist;
			sourceTree = "<group>";
		};
		9077DA2C2B090BBD0077FDB8 /* UI */ = {
			isa = PBXGroup;
			children = (
				9077DA292B090BB60077FDB8 /* PlaylistsScreen.swift */,
				9077DA2D2B090BD30077FDB8 /* PlaylistViewModel.swift */,
			);
			path = UI;
			sourceTree = "<group>";
		};
		9077DA2F2B090CDE0077FDB8 /* Data */ = {
			isa = PBXGroup;
			children = (
				9077DA302B090CEC0077FDB8 /* PlaylistRepository.swift */,
				9077DA322B090D340077FDB8 /* Playlist.swift */,
			);
			path = Data;
			sourceTree = "<group>";
		};
		908BE1002B3B3B2F00F172BF /* Extensions */ = {
			isa = PBXGroup;
			children = (
				908BE1012B3B3B3900F172BF /* Int.swift */,
				908BE1042B3B3C7700F172BF /* String.swift */,
			);
			path = Extensions;
			sourceTree = "<group>";
		};
		908BE1062B3B479900F172BF /* Common */ = {
			isa = PBXGroup;
			children = (
				908BE1182B3B4FCA00F172BF /* TestHelpers */,
				908BE1082B3B47CF00F172BF /* Repository */,
				908BE1072B3B47A600F172BF /* Extensions */,
			);
			path = Common;
			sourceTree = "<group>";
		};
		908BE1072B3B47A600F172BF /* Extensions */ = {
			isa = PBXGroup;
			children = (
				908BE1092B3B47DA00F172BF /* Int.swift */,
				908BE10C2B3B484B00F172BF /* String.swift */,
			);
			path = Extensions;
			sourceTree = "<group>";
		};
		908BE1082B3B47CF00F172BF /* Repository */ = {
			isa = PBXGroup;
			children = (
				908BE10E2B3B48EB00F172BF /* FakePlaylistRepository.swift */,
			);
			path = Repository;
			sourceTree = "<group>";
		};
		908BE1102B3B492900F172BF /* Playlist */ = {
			isa = PBXGroup;
			children = (
				908BE1152B3B4B1C00F172BF /* UI */,
			);
			path = Playlist;
			sourceTree = "<group>";
		};
		908BE1152B3B4B1C00F172BF /* UI */ = {
			isa = PBXGroup;
			children = (
				908BE1162B3B4B4B00F172BF /* PlaylistViewModelTests.swift */,
			);
			path = UI;
			sourceTree = "<group>";
		};
		908BE1182B3B4FCA00F172BF /* TestHelpers */ = {
			isa = PBXGroup;
			children = (
				908BE1122B3B494F00F172BF /* FakePlaylist.swift */,
				908BE1192B3B4FF100F172BF /* PublisherExpectation.swift */,
			);
			path = TestHelpers;
			sourceTree = "<group>";
		};
		90ACFAF92B0847E700D13B1F = {
			isa = PBXGroup;
			children = (
				903CF4212B08F65B00B1A54E /* DeezerSdk */,
				90ACFB042B0847E700D13B1F /* DeezerPlaylists */,
				90ACFB162B0847E800D13B1F /* DeezerPlaylistsTests */,
				90ACFB032B0847E700D13B1F /* Products */,
				9077DA242B0903FF0077FDB8 /* Frameworks */,
			);
			sourceTree = "<group>";
		};
		90ACFB032B0847E700D13B1F /* Products */ = {
			isa = PBXGroup;
			children = (
				90ACFB022B0847E700D13B1F /* DeezerPlaylists.app */,
				90ACFB132B0847E800D13B1F /* DeezerPlaylistsTests.xctest */,
			);
			name = Products;
			sourceTree = "<group>";
		};
		90ACFB042B0847E700D13B1F /* DeezerPlaylists */ = {
			isa = PBXGroup;
			children = (
				9077DA282B090BA00077FDB8 /* Playlist */,
				903CF4182B08EAE400B1A54E /* Common */,
				90ACFB052B0847E700D13B1F /* DeezerPlaylistsApp.swift */,
				90ACFB092B0847E800D13B1F /* Assets.xcassets */,
				90ACFB0B2B0847E800D13B1F /* DeezerPlaylists.entitlements */,
				90ACFB0C2B0847E800D13B1F /* Preview Content */,
			);
			path = DeezerPlaylists;
			sourceTree = "<group>";
		};
		90ACFB0C2B0847E800D13B1F /* Preview Content */ = {
			isa = PBXGroup;
			children = (
				90ACFB0D2B0847E800D13B1F /* Preview Assets.xcassets */,
			);
			path = "Preview Content";
			sourceTree = "<group>";
		};
		90ACFB162B0847E800D13B1F /* DeezerPlaylistsTests */ = {
			isa = PBXGroup;
			children = (
				908BE1102B3B492900F172BF /* Playlist */,
				908BE1062B3B479900F172BF /* Common */,
			);
			path = DeezerPlaylistsTests;
			sourceTree = "<group>";
		};
		90E404DA2B093D8D00D8A139 /* Database */ = {
			isa = PBXGroup;
			children = (
				90E404DC2B093DE700D8A139 /* AppDatabase.swift */,
				90E404DE2B093F6D00D8A139 /* PlaylistDb.swift */,
			);
			path = Database;
			sourceTree = "<group>";
		};
/* End PBXGroup section */

/* Begin PBXNativeTarget section */
		90ACFB012B0847E700D13B1F /* DeezerPlaylists */ = {
			isa = PBXNativeTarget;
			buildConfigurationList = 90ACFB272B0847E800D13B1F /* Build configuration list for PBXNativeTarget "DeezerPlaylists" */;
			buildPhases = (
				90ACFAFE2B0847E700D13B1F /* Sources */,
				90ACFAFF2B0847E700D13B1F /* Frameworks */,
				90ACFB002B0847E700D13B1F /* Resources */,
			);
			buildRules = (
			);
			dependencies = (
				90E3B2C02B084EFC002CACF2 /* PBXTargetDependency */,
			);
			name = DeezerPlaylists;
			packageProductDependencies = (
				90E3B2BD2B084ED3002CACF2 /* RswiftLibrary */,
				90E3B2C32B085031002CACF2 /* GRDB */,
				9077DA252B0903FF0077FDB8 /* DeezerSdk */,
			);
			productName = DeezerPlaylists;
			productReference = 90ACFB022B0847E700D13B1F /* DeezerPlaylists.app */;
			productType = "com.apple.product-type.application";
		};
		90ACFB122B0847E800D13B1F /* DeezerPlaylistsTests */ = {
			isa = PBXNativeTarget;
			buildConfigurationList = 90ACFB2A2B0847E800D13B1F /* Build configuration list for PBXNativeTarget "DeezerPlaylistsTests" */;
			buildPhases = (
				90ACFB0F2B0847E800D13B1F /* Sources */,
				90ACFB102B0847E800D13B1F /* Frameworks */,
				90ACFB112B0847E800D13B1F /* Resources */,
			);
			buildRules = (
			);
			dependencies = (
				90ACFB152B0847E800D13B1F /* PBXTargetDependency */,
			);
			name = DeezerPlaylistsTests;
			productName = DeezerPlaylistsTests;
			productReference = 90ACFB132B0847E800D13B1F /* DeezerPlaylistsTests.xctest */;
			productType = "com.apple.product-type.bundle.unit-test";
		};
/* End PBXNativeTarget section */

/* Begin PBXProject section */
		90ACFAFA2B0847E700D13B1F /* Project object */ = {
			isa = PBXProject;
			attributes = {
				BuildIndependentTargetsInParallel = 1;
				LastSwiftUpdateCheck = 1500;
				LastUpgradeCheck = 1500;
				TargetAttributes = {
					90ACFB012B0847E700D13B1F = {
						CreatedOnToolsVersion = 15.0.1;
					};
					90ACFB122B0847E800D13B1F = {
						CreatedOnToolsVersion = 15.0.1;
						TestTargetID = 90ACFB012B0847E700D13B1F;
					};
				};
			};
			buildConfigurationList = 90ACFAFD2B0847E700D13B1F /* Build configuration list for PBXProject "DeezerPlaylists" */;
			compatibilityVersion = "Xcode 14.0";
			developmentRegion = en;
			hasScannedForEncodings = 0;
			knownRegions = (
				en,
				Base,
			);
			mainGroup = 90ACFAF92B0847E700D13B1F;
			packageReferences = (
				90E3B2BC2B084ED3002CACF2 /* XCRemoteSwiftPackageReference "R" */,
				90E3B2C22B085031002CACF2 /* XCRemoteSwiftPackageReference "GRDB.swift" */,
			);
			productRefGroup = 90ACFB032B0847E700D13B1F /* Products */;
			projectDirPath = "";
			projectRoot = "";
			targets = (
				90ACFB012B0847E700D13B1F /* DeezerPlaylists */,
				90ACFB122B0847E800D13B1F /* DeezerPlaylistsTests */,
			);
		};
/* End PBXProject section */

/* Begin PBXResourcesBuildPhase section */
		90ACFB002B0847E700D13B1F /* Resources */ = {
			isa = PBXResourcesBuildPhase;
			buildActionMask = 2147483647;
			files = (
				90ACFB0E2B0847E800D13B1F /* Preview Assets.xcassets in Resources */,
				90ACFB0A2B0847E800D13B1F /* Assets.xcassets in Resources */,
			);
			runOnlyForDeploymentPostprocessing = 0;
		};
		90ACFB112B0847E800D13B1F /* Resources */ = {
			isa = PBXResourcesBuildPhase;
			buildActionMask = 2147483647;
			files = (
			);
			runOnlyForDeploymentPostprocessing = 0;
		};
/* End PBXResourcesBuildPhase section */

/* Begin PBXSourcesBuildPhase section */
		90ACFAFE2B0847E700D13B1F /* Sources */ = {
			isa = PBXSourcesBuildPhase;
			buildActionMask = 2147483647;
			files = (
				9077DA312B090CEC0077FDB8 /* PlaylistRepository.swift in Sources */,
				903CF41B2B08EAFE00B1A54E /* DependenciesContainer.swift in Sources */,
				908BE1052B3B3C7700F172BF /* String.swift in Sources */,
				9077DA2E2B090BD30077FDB8 /* PlaylistViewModel.swift in Sources */,
				908BE1022B3B3B3900F172BF /* Int.swift in Sources */,
				90E404DF2B093F6D00D8A139 /* PlaylistDb.swift in Sources */,
				90E404DD2B093DE700D8A139 /* AppDatabase.swift in Sources */,
				9077DA2A2B090BB60077FDB8 /* PlaylistsScreen.swift in Sources */,
				90ACFB062B0847E700D13B1F /* DeezerPlaylistsApp.swift in Sources */,
				9077DA332B090D340077FDB8 /* Playlist.swift in Sources */,
			);
			runOnlyForDeploymentPostprocessing = 0;
		};
		90ACFB0F2B0847E800D13B1F /* Sources */ = {
			isa = PBXSourcesBuildPhase;
			buildActionMask = 2147483647;
			files = (
				908BE10F2B3B48EB00F172BF /* FakePlaylistRepository.swift in Sources */,
				908BE11A2B3B4FF100F172BF /* PublisherExpectation.swift in Sources */,
				908BE1172B3B4B4B00F172BF /* PlaylistViewModelTests.swift in Sources */,
				908BE10D2B3B484B00F172BF /* String.swift in Sources */,
				908BE1132B3B494F00F172BF /* FakePlaylist.swift in Sources */,
				908BE10A2B3B47DA00F172BF /* Int.swift in Sources */,
			);
			runOnlyForDeploymentPostprocessing = 0;
		};
/* End PBXSourcesBuildPhase section */

/* Begin PBXTargetDependency section */
		90ACFB152B0847E800D13B1F /* PBXTargetDependency */ = {
			isa = PBXTargetDependency;
			target = 90ACFB012B0847E700D13B1F /* DeezerPlaylists */;
			targetProxy = 90ACFB142B0847E800D13B1F /* PBXContainerItemProxy */;
		};
		90E3B2C02B084EFC002CACF2 /* PBXTargetDependency */ = {
			isa = PBXTargetDependency;
			productRef = 90E3B2BF2B084EFC002CACF2 /* RswiftGenerateInternalResources */;
		};
/* End PBXTargetDependency section */

/* Begin XCBuildConfiguration section */
		90ACFB252B0847E800D13B1F /* Debug */ = {
			isa = XCBuildConfiguration;
			buildSettings = {
				ALWAYS_SEARCH_USER_PATHS = NO;
				ASSETCATALOG_COMPILER_GENERATE_SWIFT_ASSET_SYMBOL_EXTENSIONS = YES;
				CLANG_ANALYZER_NONNULL = YES;
				CLANG_ANALYZER_NUMBER_OBJECT_CONVERSION = YES_AGGRESSIVE;
				CLANG_CXX_LANGUAGE_STANDARD = "gnu++20";
				CLANG_ENABLE_MODULES = YES;
				CLANG_ENABLE_OBJC_ARC = YES;
				CLANG_ENABLE_OBJC_WEAK = YES;
				CLANG_WARN_BLOCK_CAPTURE_AUTORELEASING = YES;
				CLANG_WARN_BOOL_CONVERSION = YES;
				CLANG_WARN_COMMA = YES;
				CLANG_WARN_CONSTANT_CONVERSION = YES;
				CLANG_WARN_DEPRECATED_OBJC_IMPLEMENTATIONS = YES;
				CLANG_WARN_DIRECT_OBJC_ISA_USAGE = YES_ERROR;
				CLANG_WARN_DOCUMENTATION_COMMENTS = YES;
				CLANG_WARN_EMPTY_BODY = YES;
				CLANG_WARN_ENUM_CONVERSION = YES;
				CLANG_WARN_INFINITE_RECURSION = YES;
				CLANG_WARN_INT_CONVERSION = YES;
				CLANG_WARN_NON_LITERAL_NULL_CONVERSION = YES;
				CLANG_WARN_OBJC_IMPLICIT_RETAIN_SELF = YES;
				CLANG_WARN_OBJC_LITERAL_CONVERSION = YES;
				CLANG_WARN_OBJC_ROOT_CLASS = YES_ERROR;
				CLANG_WARN_QUOTED_INCLUDE_IN_FRAMEWORK_HEADER = YES;
				CLANG_WARN_RANGE_LOOP_ANALYSIS = YES;
				CLANG_WARN_STRICT_PROTOTYPES = YES;
				CLANG_WARN_SUSPICIOUS_MOVE = YES;
				CLANG_WARN_UNGUARDED_AVAILABILITY = YES_AGGRESSIVE;
				CLANG_WARN_UNREACHABLE_CODE = YES;
				CLANG_WARN__DUPLICATE_METHOD_MATCH = YES;
				COPY_PHASE_STRIP = NO;
				DEBUG_INFORMATION_FORMAT = dwarf;
				ENABLE_STRICT_OBJC_MSGSEND = YES;
				ENABLE_TESTABILITY = YES;
				ENABLE_USER_SCRIPT_SANDBOXING = YES;
				GCC_C_LANGUAGE_STANDARD = gnu17;
				GCC_DYNAMIC_NO_PIC = NO;
				GCC_NO_COMMON_BLOCKS = YES;
				GCC_OPTIMIZATION_LEVEL = 0;
				GCC_PREPROCESSOR_DEFINITIONS = (
					"DEBUG=1",
					"$(inherited)",
				);
				GCC_WARN_64_TO_32_BIT_CONVERSION = YES;
				GCC_WARN_ABOUT_RETURN_TYPE = YES_ERROR;
				GCC_WARN_UNDECLARED_SELECTOR = YES;
				GCC_WARN_UNINITIALIZED_AUTOS = YES_AGGRESSIVE;
				GCC_WARN_UNUSED_FUNCTION = YES;
				GCC_WARN_UNUSED_VARIABLE = YES;
				IPHONEOS_DEPLOYMENT_TARGET = 16.0;
				LOCALIZATION_PREFERS_STRING_CATALOGS = YES;
				MTL_ENABLE_DEBUG_INFO = INCLUDE_SOURCE;
				MTL_FAST_MATH = YES;
				ONLY_ACTIVE_ARCH = YES;
				SWIFT_ACTIVE_COMPILATION_CONDITIONS = "DEBUG $(inherited)";
				SWIFT_OPTIMIZATION_LEVEL = "-Onone";
			};
			name = Debug;
		};
		90ACFB262B0847E800D13B1F /* Release */ = {
			isa = XCBuildConfiguration;
			buildSettings = {
				ALWAYS_SEARCH_USER_PATHS = NO;
				ASSETCATALOG_COMPILER_GENERATE_SWIFT_ASSET_SYMBOL_EXTENSIONS = YES;
				CLANG_ANALYZER_NONNULL = YES;
				CLANG_ANALYZER_NUMBER_OBJECT_CONVERSION = YES_AGGRESSIVE;
				CLANG_CXX_LANGUAGE_STANDARD = "gnu++20";
				CLANG_ENABLE_MODULES = YES;
				CLANG_ENABLE_OBJC_ARC = YES;
				CLANG_ENABLE_OBJC_WEAK = YES;
				CLANG_WARN_BLOCK_CAPTURE_AUTORELEASING = YES;
				CLANG_WARN_BOOL_CONVERSION = YES;
				CLANG_WARN_COMMA = YES;
				CLANG_WARN_CONSTANT_CONVERSION = YES;
				CLANG_WARN_DEPRECATED_OBJC_IMPLEMENTATIONS = YES;
				CLANG_WARN_DIRECT_OBJC_ISA_USAGE = YES_ERROR;
				CLANG_WARN_DOCUMENTATION_COMMENTS = YES;
				CLANG_WARN_EMPTY_BODY = YES;
				CLANG_WARN_ENUM_CONVERSION = YES;
				CLANG_WARN_INFINITE_RECURSION = YES;
				CLANG_WARN_INT_CONVERSION = YES;
				CLANG_WARN_NON_LITERAL_NULL_CONVERSION = YES;
				CLANG_WARN_OBJC_IMPLICIT_RETAIN_SELF = YES;
				CLANG_WARN_OBJC_LITERAL_CONVERSION = YES;
				CLANG_WARN_OBJC_ROOT_CLASS = YES_ERROR;
				CLANG_WARN_QUOTED_INCLUDE_IN_FRAMEWORK_HEADER = YES;
				CLANG_WARN_RANGE_LOOP_ANALYSIS = YES;
				CLANG_WARN_STRICT_PROTOTYPES = YES;
				CLANG_WARN_SUSPICIOUS_MOVE = YES;
				CLANG_WARN_UNGUARDED_AVAILABILITY = YES_AGGRESSIVE;
				CLANG_WARN_UNREACHABLE_CODE = YES;
				CLANG_WARN__DUPLICATE_METHOD_MATCH = YES;
				COPY_PHASE_STRIP = NO;
				DEBUG_INFORMATION_FORMAT = "dwarf-with-dsym";
				ENABLE_NS_ASSERTIONS = NO;
				ENABLE_STRICT_OBJC_MSGSEND = YES;
				ENABLE_USER_SCRIPT_SANDBOXING = YES;
				GCC_C_LANGUAGE_STANDARD = gnu17;
				GCC_NO_COMMON_BLOCKS = YES;
				GCC_WARN_64_TO_32_BIT_CONVERSION = YES;
				GCC_WARN_ABOUT_RETURN_TYPE = YES_ERROR;
				GCC_WARN_UNDECLARED_SELECTOR = YES;
				GCC_WARN_UNINITIALIZED_AUTOS = YES_AGGRESSIVE;
				GCC_WARN_UNUSED_FUNCTION = YES;
				GCC_WARN_UNUSED_VARIABLE = YES;
				IPHONEOS_DEPLOYMENT_TARGET = 16.0;
				LOCALIZATION_PREFERS_STRING_CATALOGS = YES;
				MTL_ENABLE_DEBUG_INFO = NO;
				MTL_FAST_MATH = YES;
				SWIFT_COMPILATION_MODE = wholemodule;
			};
			name = Release;
		};
		90ACFB282B0847E800D13B1F /* Debug */ = {
			isa = XCBuildConfiguration;
			buildSettings = {
				ASSETCATALOG_COMPILER_APPICON_NAME = AppIcon;
				ASSETCATALOG_COMPILER_GLOBAL_ACCENT_COLOR_NAME = AccentColor;
				CODE_SIGN_ENTITLEMENTS = DeezerPlaylists/DeezerPlaylists.entitlements;
				CODE_SIGN_STYLE = Automatic;
				CURRENT_PROJECT_VERSION = 1;
				DEVELOPMENT_ASSET_PATHS = "\"DeezerPlaylists/Preview Content\"";
				DEVELOPMENT_TEAM = 747M9ENA4N;
				ENABLE_HARDENED_RUNTIME = YES;
				ENABLE_PREVIEWS = YES;
				GENERATE_INFOPLIST_FILE = YES;
				"INFOPLIST_KEY_UIApplicationSceneManifest_Generation[sdk=iphoneos*]" = YES;
				"INFOPLIST_KEY_UIApplicationSceneManifest_Generation[sdk=iphonesimulator*]" = YES;
				"INFOPLIST_KEY_UIApplicationSupportsIndirectInputEvents[sdk=iphoneos*]" = YES;
				"INFOPLIST_KEY_UIApplicationSupportsIndirectInputEvents[sdk=iphonesimulator*]" = YES;
				"INFOPLIST_KEY_UILaunchScreen_Generation[sdk=iphoneos*]" = YES;
				"INFOPLIST_KEY_UILaunchScreen_Generation[sdk=iphonesimulator*]" = YES;
				"INFOPLIST_KEY_UIStatusBarStyle[sdk=iphoneos*]" = UIStatusBarStyleDefault;
				"INFOPLIST_KEY_UIStatusBarStyle[sdk=iphonesimulator*]" = UIStatusBarStyleDefault;
				INFOPLIST_KEY_UISupportedInterfaceOrientations_iPad = "UIInterfaceOrientationPortrait UIInterfaceOrientationPortraitUpsideDown UIInterfaceOrientationLandscapeLeft UIInterfaceOrientationLandscapeRight";
				INFOPLIST_KEY_UISupportedInterfaceOrientations_iPhone = "UIInterfaceOrientationPortrait UIInterfaceOrientationLandscapeLeft UIInterfaceOrientationLandscapeRight";
				IPHONEOS_DEPLOYMENT_TARGET = 17.0;
				LD_RUNPATH_SEARCH_PATHS = "@executable_path/Frameworks";
				"LD_RUNPATH_SEARCH_PATHS[sdk=macosx*]" = "@executable_path/../Frameworks";
				MACOSX_DEPLOYMENT_TARGET = 13.6;
				MARKETING_VERSION = 1.0;
				PRODUCT_BUNDLE_IDENTIFIER = com.chrisjms.DeezerPlaylists;
				PRODUCT_NAME = "$(TARGET_NAME)";
				SDKROOT = auto;
				SUPPORTED_PLATFORMS = "iphoneos iphonesimulator";
				SUPPORTS_MACCATALYST = NO;
				SWIFT_EMIT_LOC_STRINGS = YES;
				SWIFT_VERSION = 5.0;
				TARGETED_DEVICE_FAMILY = "1,2";
			};
			name = Debug;
		};
		90ACFB292B0847E800D13B1F /* Release */ = {
			isa = XCBuildConfiguration;
			buildSettings = {
				ASSETCATALOG_COMPILER_APPICON_NAME = AppIcon;
				ASSETCATALOG_COMPILER_GLOBAL_ACCENT_COLOR_NAME = AccentColor;
				CODE_SIGN_ENTITLEMENTS = DeezerPlaylists/DeezerPlaylists.entitlements;
				CODE_SIGN_STYLE = Automatic;
				CURRENT_PROJECT_VERSION = 1;
				DEVELOPMENT_ASSET_PATHS = "\"DeezerPlaylists/Preview Content\"";
				DEVELOPMENT_TEAM = 747M9ENA4N;
				ENABLE_HARDENED_RUNTIME = YES;
				ENABLE_PREVIEWS = YES;
				GENERATE_INFOPLIST_FILE = YES;
				"INFOPLIST_KEY_UIApplicationSceneManifest_Generation[sdk=iphoneos*]" = YES;
				"INFOPLIST_KEY_UIApplicationSceneManifest_Generation[sdk=iphonesimulator*]" = YES;
				"INFOPLIST_KEY_UIApplicationSupportsIndirectInputEvents[sdk=iphoneos*]" = YES;
				"INFOPLIST_KEY_UIApplicationSupportsIndirectInputEvents[sdk=iphonesimulator*]" = YES;
				"INFOPLIST_KEY_UILaunchScreen_Generation[sdk=iphoneos*]" = YES;
				"INFOPLIST_KEY_UILaunchScreen_Generation[sdk=iphonesimulator*]" = YES;
				"INFOPLIST_KEY_UIStatusBarStyle[sdk=iphoneos*]" = UIStatusBarStyleDefault;
				"INFOPLIST_KEY_UIStatusBarStyle[sdk=iphonesimulator*]" = UIStatusBarStyleDefault;
				INFOPLIST_KEY_UISupportedInterfaceOrientations_iPad = "UIInterfaceOrientationPortrait UIInterfaceOrientationPortraitUpsideDown UIInterfaceOrientationLandscapeLeft UIInterfaceOrientationLandscapeRight";
				INFOPLIST_KEY_UISupportedInterfaceOrientations_iPhone = "UIInterfaceOrientationPortrait UIInterfaceOrientationLandscapeLeft UIInterfaceOrientationLandscapeRight";
				IPHONEOS_DEPLOYMENT_TARGET = 17.0;
				LD_RUNPATH_SEARCH_PATHS = "@executable_path/Frameworks";
				"LD_RUNPATH_SEARCH_PATHS[sdk=macosx*]" = "@executable_path/../Frameworks";
				MACOSX_DEPLOYMENT_TARGET = 13.6;
				MARKETING_VERSION = 1.0;
				PRODUCT_BUNDLE_IDENTIFIER = com.chrisjms.DeezerPlaylists;
				PRODUCT_NAME = "$(TARGET_NAME)";
				SDKROOT = auto;
				SUPPORTED_PLATFORMS = "iphoneos iphonesimulator";
				SUPPORTS_MACCATALYST = NO;
				SWIFT_EMIT_LOC_STRINGS = YES;
				SWIFT_VERSION = 5.0;
				TARGETED_DEVICE_FAMILY = "1,2";
			};
			name = Release;
		};
		90ACFB2B2B0847E800D13B1F /* Debug */ = {
			isa = XCBuildConfiguration;
			buildSettings = {
				ALWAYS_EMBED_SWIFT_STANDARD_LIBRARIES = YES;
				BUNDLE_LOADER = "$(TEST_HOST)";
				CODE_SIGN_STYLE = Automatic;
				CURRENT_PROJECT_VERSION = 1;
				DEVELOPMENT_TEAM = 747M9ENA4N;
				GENERATE_INFOPLIST_FILE = YES;
				IPHONEOS_DEPLOYMENT_TARGET = 17.0;
				MACOSX_DEPLOYMENT_TARGET = 13.6;
				MARKETING_VERSION = 1.0;
				PRODUCT_BUNDLE_IDENTIFIER = com.chrisjms.DeezerPlaylistsTests;
				PRODUCT_NAME = "$(TARGET_NAME)";
				SDKROOT = auto;
				SUPPORTED_PLATFORMS = "iphoneos iphonesimulator macosx";
				SWIFT_EMIT_LOC_STRINGS = NO;
				SWIFT_VERSION = 5.0;
				TARGETED_DEVICE_FAMILY = "1,2";
				TEST_HOST = "$(BUILT_PRODUCTS_DIR)/DeezerPlaylists.app/$(BUNDLE_EXECUTABLE_FOLDER_PATH)/DeezerPlaylists";
			};
			name = Debug;
		};
		90ACFB2C2B0847E800D13B1F /* Release */ = {
			isa = XCBuildConfiguration;
			buildSettings = {
				ALWAYS_EMBED_SWIFT_STANDARD_LIBRARIES = YES;
				BUNDLE_LOADER = "$(TEST_HOST)";
				CODE_SIGN_STYLE = Automatic;
				CURRENT_PROJECT_VERSION = 1;
				DEVELOPMENT_TEAM = 747M9ENA4N;
				GENERATE_INFOPLIST_FILE = YES;
				IPHONEOS_DEPLOYMENT_TARGET = 17.0;
				MACOSX_DEPLOYMENT_TARGET = 13.6;
				MARKETING_VERSION = 1.0;
				PRODUCT_BUNDLE_IDENTIFIER = com.chrisjms.DeezerPlaylistsTests;
				PRODUCT_NAME = "$(TARGET_NAME)";
				SDKROOT = auto;
				SUPPORTED_PLATFORMS = "iphoneos iphonesimulator macosx";
				SWIFT_EMIT_LOC_STRINGS = NO;
				SWIFT_VERSION = 5.0;
				TARGETED_DEVICE_FAMILY = "1,2";
				TEST_HOST = "$(BUILT_PRODUCTS_DIR)/DeezerPlaylists.app/$(BUNDLE_EXECUTABLE_FOLDER_PATH)/DeezerPlaylists";
			};
			name = Release;
		};
/* End XCBuildConfiguration section */

/* Begin XCConfigurationList section */
		90ACFAFD2B0847E700D13B1F /* Build configuration list for PBXProject "DeezerPlaylists" */ = {
			isa = XCConfigurationList;
			buildConfigurations = (
				90ACFB252B0847E800D13B1F /* Debug */,
				90ACFB262B0847E800D13B1F /* Release */,
			);
			defaultConfigurationIsVisible = 0;
			defaultConfigurationName = Release;
		};
		90ACFB272B0847E800D13B1F /* Build configuration list for PBXNativeTarget "DeezerPlaylists" */ = {
			isa = XCConfigurationList;
			buildConfigurations = (
				90ACFB282B0847E800D13B1F /* Debug */,
				90ACFB292B0847E800D13B1F /* Release */,
			);
			defaultConfigurationIsVisible = 0;
			defaultConfigurationName = Release;
		};
		90ACFB2A2B0847E800D13B1F /* Build configuration list for PBXNativeTarget "DeezerPlaylistsTests" */ = {
			isa = XCConfigurationList;
			buildConfigurations = (
				90ACFB2B2B0847E800D13B1F /* Debug */,
				90ACFB2C2B0847E800D13B1F /* Release */,
			);
			defaultConfigurationIsVisible = 0;
			defaultConfigurationName = Release;
		};
/* End XCConfigurationList section */

/* Begin XCRemoteSwiftPackageReference section */
		90E3B2BC2B084ED3002CACF2 /* XCRemoteSwiftPackageReference "R" */ = {
			isa = XCRemoteSwiftPackageReference;
			repositoryURL = "https://github.com/mac-cain13/R.swift";
			requirement = {
				kind = exactVersion;
				version = 7.4.0;
			};
		};
		90E3B2C22B085031002CACF2 /* XCRemoteSwiftPackageReference "GRDB.swift" */ = {
			isa = XCRemoteSwiftPackageReference;
			repositoryURL = "https://github.com/groue/GRDB.swift.git";
			requirement = {
				kind = exactVersion;
				version = 6.21.0;
			};
		};
/* End XCRemoteSwiftPackageReference section */

/* Begin XCSwiftPackageProductDependency section */
		9077DA252B0903FF0077FDB8 /* DeezerSdk */ = {
			isa = XCSwiftPackageProductDependency;
			productName = DeezerSdk;
		};
		90E3B2BD2B084ED3002CACF2 /* RswiftLibrary */ = {
			isa = XCSwiftPackageProductDependency;
			package = 90E3B2BC2B084ED3002CACF2 /* XCRemoteSwiftPackageReference "R" */;
			productName = RswiftLibrary;
		};
		90E3B2BF2B084EFC002CACF2 /* RswiftGenerateInternalResources */ = {
			isa = XCSwiftPackageProductDependency;
			productName = "plugin:RswiftGenerateInternalResources";
		};
		90E3B2C32B085031002CACF2 /* GRDB */ = {
			isa = XCSwiftPackageProductDependency;
			package = 90E3B2C22B085031002CACF2 /* XCRemoteSwiftPackageReference "GRDB.swift" */;
			productName = GRDB;
		};
/* End XCSwiftPackageProductDependency section */
	};
	rootObject = 90ACFAFA2B0847E700D13B1F /* Project object */;
}
